
Microsoft Visual Studio Solution File, Format Version 12.00
# Visual Studio 2013
VisualStudioVersion = 12.0.31101.0
MinimumVisualStudioVersion = 10.0.40219.1
Project("{FAE04EC0-301F-11D3-BF4B-00C04F79EFBC}") = "CSharpAop", "csharp\CSharpAop.csproj", "{D23511BD-74D2-4E7A-9432-B51FE4E48432}"
EndProject
Project("{F2A71F9B-5D33-465A-A702-920D77279786}") = "FSharpAop", "fsharp\FSharpAop.fsproj", "{993CDA7A-BCC7-4294-9674-5CA89C900A3D}"
EndProject
Global
	GlobalSection(SolutionConfigurationPlatforms) = preSolution
		Debug|Any CPU = Debug|Any CPU
		Release|Any CPU = Release|Any CPU
	EndGlobalSection
	GlobalSection(ProjectConfigurationPlatforms) = postSolution
		{D23511BD-74D2-4E7A-9432-B51FE4E48432}.Debug|Any CPU.ActiveCfg = Debug|Any CPU
		{D23511BD-74D2-4E7A-9432-B51FE4E48432}.Debug|Any CPU.Build.0 = Debug|Any CPU
		{D23511BD-74D2-4E7A-9432-B51FE4E48432}.Release|Any CPU.ActiveCfg = Release|Any CPU
		{D23511BD-74D2-4E7A-9432-B51FE4E48432}.Release|Any CPU.Build.0 = Release|Any CPU
		{993CDA7A-BCC7-4294-9674-5CA89C900A3D}.Debug|Any CPU.ActiveCfg = Debug|Any CPU
		{993CDA7A-BCC7-4294-9674-5CA89C900A3D}.Debug|Any CPU.Build.0 = Debug|Any CPU
		{993CDA7A-BCC7-4294-9674-5CA89C900A3D}.Release|Any CPU.ActiveCfg = Release|Any CPU
		{993CDA7A-BCC7-4294-9674-5CA89C900A3D}.Release|Any CPU.Build.0 = Release|Any CPU
	EndGlobalSection
	GlobalSection(SolutionProperties) = preSolution
		HideSolutionNode = FALSE
	EndGlobalSection
EndGlobal
